
Microsoft Visual Studio Solution File, Format Version 12.00
# Visual Studio Version 17
VisualStudioVersion = 17.5.33627.172
MinimumVisualStudioVersion = 10.0.40219.1
Project("{9A19103F-16F7-4668-BE54-9A1E7A4F7556}") = "Blobsio", "Blobsio\Blobsio.csproj", "{AF45062D-2790-4E60-BCD6-D61E02BA8951}"
EndProject
Project("{FAE04EC0-301F-11D3-BF4B-00C04F79EFBC}") = "Agari", "Agari\Agari.csproj", "{4211E940-2205-4274-9346-5BC0DAEF6D91}"
EndProject
Global
	GlobalSection(SolutionConfigurationPlatforms) = preSolution
		Debug|Any CPU = Debug|Any CPU
		Release|Any CPU = Release|Any CPU
	EndGlobalSection
	GlobalSection(ProjectConfigurationPlatforms) = postSolution
		{AF45062D-2790-4E60-BCD6-D61E02BA8951}.Debug|Any CPU.ActiveCfg = Debug|Any CPU
		{AF45062D-2790-4E60-BCD6-D61E02BA8951}.Debug|Any CPU.Build.0 = Debug|Any CPU
		{AF45062D-2790-4E60-BCD6-D61E02BA8951}.Release|Any CPU.ActiveCfg = Release|Any CPU
		{AF45062D-2790-4E60-BCD6-D61E02BA8951}.Release|Any CPU.Build.0 = Release|Any CPU
		{4211E940-2205-4274-9346-5BC0DAEF6D91}.Debug|Any CPU.ActiveCfg = Debug|Any CPU
		{4211E940-2205-4274-9346-5BC0DAEF6D91}.Debug|Any CPU.Build.0 = Debug|Any CPU
		{4211E940-2205-4274-9346-5BC0DAEF6D91}.Release|Any CPU.ActiveCfg = Release|Any CPU
		{4211E940-2205-4274-9346-5BC0DAEF6D91}.Release|Any CPU.Build.0 = Release|Any CPU
	EndGlobalSection
	GlobalSection(SolutionProperties) = preSolution
		HideSolutionNode = FALSE
	EndGlobalSection
	GlobalSection(ExtensibilityGlobals) = postSolution
		SolutionGuid = {DD624953-10A0-41F5-954F-3B8CFB8E60A3}
	EndGlobalSection
EndGlobal
